
Microsoft Visual Studio Solution File, Format Version 12.00
# Visual Studio Version 16
VisualStudioVersion = 16.0.31112.23
MinimumVisualStudioVersion = 10.0.40219.1
Project("{FAE04EC0-301F-11D3-BF4B-00C04F79EFBC}") = "AnonymousMethod", "AnonymousMethod.csproj", "{FC17E904-BF83-4211-AEEB-0B0EF60B3ED9}"
EndProject
Global
	GlobalSection(SolutionConfigurationPlatforms) = preSolution
		Debug|Any CPU = Debug|Any CPU
		Release|Any CPU = Release|Any CPU
	EndGlobalSection
	GlobalSection(ProjectConfigurationPlatforms) = postSolution
		{FC17E904-BF83-4211-AEEB-0B0EF60B3ED9}.Debug|Any CPU.ActiveCfg = Debug|Any CPU
		{FC17E904-BF83-4211-AEEB-0B0EF60B3ED9}.Debug|Any CPU.Build.0 = Debug|Any CPU
		{FC17E904-BF83-4211-AEEB-0B0EF60B3ED9}.Release|Any CPU.ActiveCfg = Release|Any CPU
		{FC17E904-BF83-4211-AEEB-0B0EF60B3ED9}.Release|Any CPU.Build.0 = Release|Any CPU
	EndGlobalSection
	GlobalSection(SolutionProperties) = preSolution
		HideSolutionNode = FALSE
	EndGlobalSection
	GlobalSection(ExtensibilityGlobals) = postSolution
		SolutionGuid = {3FA72137-28CF-44FA-B534-EF0F72D7F3BF}
	EndGlobalSection
EndGlobal
