
Microsoft Visual Studio Solution File, Format Version 12.00
# Visual Studio Version 16
VisualStudioVersion = 16.0.31112.23
MinimumVisualStudioVersion = 10.0.40219.1
Project("{FAE04EC0-301F-11D3-BF4B-00C04F79EFBC}") = "DelegateChains", "DelegateChains.csproj", "{40100522-9953-4845-AFC3-EBC71202317B}"
EndProject
Global
	GlobalSection(SolutionConfigurationPlatforms) = preSolution
		Debug|Any CPU = Debug|Any CPU
		Release|Any CPU = Release|Any CPU
	EndGlobalSection
	GlobalSection(ProjectConfigurationPlatforms) = postSolution
		{40100522-9953-4845-AFC3-EBC71202317B}.Debug|Any CPU.ActiveCfg = Debug|Any CPU
		{40100522-9953-4845-AFC3-EBC71202317B}.Debug|Any CPU.Build.0 = Debug|Any CPU
		{40100522-9953-4845-AFC3-EBC71202317B}.Release|Any CPU.ActiveCfg = Release|Any CPU
		{40100522-9953-4845-AFC3-EBC71202317B}.Release|Any CPU.Build.0 = Release|Any CPU
	EndGlobalSection
	GlobalSection(SolutionProperties) = preSolution
		HideSolutionNode = FALSE
	EndGlobalSection
	GlobalSection(ExtensibilityGlobals) = postSolution
		SolutionGuid = {E9AF80AF-2D7A-46D4-AA01-BE1350FC9604}
	EndGlobalSection
EndGlobal
