
Microsoft Visual Studio Solution File, Format Version 12.00
# Visual Studio Version 16
VisualStudioVersion = 16.0.31112.23
MinimumVisualStudioVersion = 10.0.40219.1
Project("{FAE04EC0-301F-11D3-BF4B-00C04F79EFBC}") = "PropertiesInAbstractClass", "PropertiesInAbstractClass.csproj", "{A8957FEE-280D-478A-9511-C5E25C0CFB74}"
EndProject
Global
	GlobalSection(SolutionConfigurationPlatforms) = preSolution
		Debug|Any CPU = Debug|Any CPU
		Release|Any CPU = Release|Any CPU
	EndGlobalSection
	GlobalSection(ProjectConfigurationPlatforms) = postSolution
		{A8957FEE-280D-478A-9511-C5E25C0CFB74}.Debug|Any CPU.ActiveCfg = Debug|Any CPU
		{A8957FEE-280D-478A-9511-C5E25C0CFB74}.Debug|Any CPU.Build.0 = Debug|Any CPU
		{A8957FEE-280D-478A-9511-C5E25C0CFB74}.Release|Any CPU.ActiveCfg = Release|Any CPU
		{A8957FEE-280D-478A-9511-C5E25C0CFB74}.Release|Any CPU.Build.0 = Release|Any CPU
	EndGlobalSection
	GlobalSection(SolutionProperties) = preSolution
		HideSolutionNode = FALSE
	EndGlobalSection
	GlobalSection(ExtensibilityGlobals) = postSolution
		SolutionGuid = {6A827267-9736-474F-B80E-83248F823D23}
	EndGlobalSection
EndGlobal
