
Microsoft Visual Studio Solution File, Format Version 12.00
# Visual Studio Version 16
VisualStudioVersion = 16.0.31112.23
MinimumVisualStudioVersion = 10.0.40219.1
Project("{FAE04EC0-301F-11D3-BF4B-00C04F79EFBC}") = "RecordComp", "RecordComp.csproj", "{1CBBBD36-4960-47CE-894A-31CFE3A21D28}"
EndProject
Global
	GlobalSection(SolutionConfigurationPlatforms) = preSolution
		Debug|Any CPU = Debug|Any CPU
		Release|Any CPU = Release|Any CPU
	EndGlobalSection
	GlobalSection(ProjectConfigurationPlatforms) = postSolution
		{1CBBBD36-4960-47CE-894A-31CFE3A21D28}.Debug|Any CPU.ActiveCfg = Debug|Any CPU
		{1CBBBD36-4960-47CE-894A-31CFE3A21D28}.Debug|Any CPU.Build.0 = Debug|Any CPU
		{1CBBBD36-4960-47CE-894A-31CFE3A21D28}.Release|Any CPU.ActiveCfg = Release|Any CPU
		{1CBBBD36-4960-47CE-894A-31CFE3A21D28}.Release|Any CPU.Build.0 = Release|Any CPU
	EndGlobalSection
	GlobalSection(SolutionProperties) = preSolution
		HideSolutionNode = FALSE
	EndGlobalSection
	GlobalSection(ExtensibilityGlobals) = postSolution
		SolutionGuid = {6D06A0A4-2AEC-4F7D-9568-58EFFCB00ED0}
	EndGlobalSection
EndGlobal
