
Microsoft Visual Studio Solution File, Format Version 12.00
# Visual Studio Version 16
VisualStudioVersion = 16.0.31112.23
MinimumVisualStudioVersion = 10.0.40219.1
Project("{FAE04EC0-301F-11D3-BF4B-00C04F79EFBC}") = "ThrowExpression", "ThrowExpression.csproj", "{46E314F1-F6B4-4405-9365-54FE40B04223}"
EndProject
Global
	GlobalSection(SolutionConfigurationPlatforms) = preSolution
		Debug|Any CPU = Debug|Any CPU
		Release|Any CPU = Release|Any CPU
	EndGlobalSection
	GlobalSection(ProjectConfigurationPlatforms) = postSolution
		{46E314F1-F6B4-4405-9365-54FE40B04223}.Debug|Any CPU.ActiveCfg = Debug|Any CPU
		{46E314F1-F6B4-4405-9365-54FE40B04223}.Debug|Any CPU.Build.0 = Debug|Any CPU
		{46E314F1-F6B4-4405-9365-54FE40B04223}.Release|Any CPU.ActiveCfg = Release|Any CPU
		{46E314F1-F6B4-4405-9365-54FE40B04223}.Release|Any CPU.Build.0 = Release|Any CPU
	EndGlobalSection
	GlobalSection(SolutionProperties) = preSolution
		HideSolutionNode = FALSE
	EndGlobalSection
	GlobalSection(ExtensibilityGlobals) = postSolution
		SolutionGuid = {B95624FB-1478-40CD-AA78-627FAAF44F3D}
	EndGlobalSection
EndGlobal
