
Microsoft Visual Studio Solution File, Format Version 12.00
# Visual Studio Version 16
VisualStudioVersion = 16.0.31205.134
MinimumVisualStudioVersion = 10.0.40219.1
Project("{FAE04EC0-301F-11D3-BF4B-00C04F79EFBC}") = "FormAncControl", "FormAncControl.csproj", "{BEB2E206-BC81-4504-B57D-D57138A7209B}"
EndProject
Global
	GlobalSection(SolutionConfigurationPlatforms) = preSolution
		Debug|Any CPU = Debug|Any CPU
		Release|Any CPU = Release|Any CPU
	EndGlobalSection
	GlobalSection(ProjectConfigurationPlatforms) = postSolution
		{BEB2E206-BC81-4504-B57D-D57138A7209B}.Debug|Any CPU.ActiveCfg = Debug|Any CPU
		{BEB2E206-BC81-4504-B57D-D57138A7209B}.Debug|Any CPU.Build.0 = Debug|Any CPU
		{BEB2E206-BC81-4504-B57D-D57138A7209B}.Release|Any CPU.ActiveCfg = Release|Any CPU
		{BEB2E206-BC81-4504-B57D-D57138A7209B}.Release|Any CPU.Build.0 = Release|Any CPU
	EndGlobalSection
	GlobalSection(SolutionProperties) = preSolution
		HideSolutionNode = FALSE
	EndGlobalSection
	GlobalSection(ExtensibilityGlobals) = postSolution
		SolutionGuid = {E30EAE72-C4D9-496F-B827-F33CB06481DA}
	EndGlobalSection
EndGlobal
