
Microsoft Visual Studio Solution File, Format Version 12.00
# Visual Studio Version 16
VisualStudioVersion = 16.0.31112.23
MinimumVisualStudioVersion = 10.0.40219.1
Project("{FAE04EC0-301F-11D3-BF4B-00C04F79EFBC}") = "Slice", "Slice.csproj", "{A66310A1-A3EE-4469-9346-87B4F8663AA7}"
EndProject
Global
	GlobalSection(SolutionConfigurationPlatforms) = preSolution
		Debug|Any CPU = Debug|Any CPU
		Release|Any CPU = Release|Any CPU
	EndGlobalSection
	GlobalSection(ProjectConfigurationPlatforms) = postSolution
		{A66310A1-A3EE-4469-9346-87B4F8663AA7}.Debug|Any CPU.ActiveCfg = Debug|Any CPU
		{A66310A1-A3EE-4469-9346-87B4F8663AA7}.Debug|Any CPU.Build.0 = Debug|Any CPU
		{A66310A1-A3EE-4469-9346-87B4F8663AA7}.Release|Any CPU.ActiveCfg = Release|Any CPU
		{A66310A1-A3EE-4469-9346-87B4F8663AA7}.Release|Any CPU.Build.0 = Release|Any CPU
	EndGlobalSection
	GlobalSection(SolutionProperties) = preSolution
		HideSolutionNode = FALSE
	EndGlobalSection
	GlobalSection(ExtensibilityGlobals) = postSolution
		SolutionGuid = {5FBE37F0-8E5C-4AB7-853A-CF0655A8FFA6}
	EndGlobalSection
EndGlobal
