
Microsoft Visual Studio Solution File, Format Version 12.00
# Visual Studio Version 16
VisualStudioVersion = 16.0.31112.23
MinimumVisualStudioVersion = 10.0.40219.1
Project("{FAE04EC0-301F-11D3-BF4B-00C04F79EFBC}") = "CopyingArray", "CopyingArray.csproj", "{F9F1732C-ECEB-40D0-84F6-504002AC7ADF}"
EndProject
Global
	GlobalSection(SolutionConfigurationPlatforms) = preSolution
		Debug|Any CPU = Debug|Any CPU
		Release|Any CPU = Release|Any CPU
	EndGlobalSection
	GlobalSection(ProjectConfigurationPlatforms) = postSolution
		{F9F1732C-ECEB-40D0-84F6-504002AC7ADF}.Debug|Any CPU.ActiveCfg = Debug|Any CPU
		{F9F1732C-ECEB-40D0-84F6-504002AC7ADF}.Debug|Any CPU.Build.0 = Debug|Any CPU
		{F9F1732C-ECEB-40D0-84F6-504002AC7ADF}.Release|Any CPU.ActiveCfg = Release|Any CPU
		{F9F1732C-ECEB-40D0-84F6-504002AC7ADF}.Release|Any CPU.Build.0 = Release|Any CPU
	EndGlobalSection
	GlobalSection(SolutionProperties) = preSolution
		HideSolutionNode = FALSE
	EndGlobalSection
	GlobalSection(ExtensibilityGlobals) = postSolution
		SolutionGuid = {8FF71763-C8B4-4ECE-B977-4C6EC3E712CF}
	EndGlobalSection
EndGlobal
