
Microsoft Visual Studio Solution File, Format Version 12.00
# Visual Studio Version 16
VisualStudioVersion = 16.0.31112.23
MinimumVisualStudioVersion = 10.0.40219.1
Project("{FAE04EC0-301F-11D3-BF4B-00C04F79EFBC}") = "Generic", "Generic.csproj", "{6F98F538-064E-4ABB-8B4F-ED2EB9D513EA}"
EndProject
Global
	GlobalSection(SolutionConfigurationPlatforms) = preSolution
		Debug|Any CPU = Debug|Any CPU
		Release|Any CPU = Release|Any CPU
	EndGlobalSection
	GlobalSection(ProjectConfigurationPlatforms) = postSolution
		{6F98F538-064E-4ABB-8B4F-ED2EB9D513EA}.Debug|Any CPU.ActiveCfg = Debug|Any CPU
		{6F98F538-064E-4ABB-8B4F-ED2EB9D513EA}.Debug|Any CPU.Build.0 = Debug|Any CPU
		{6F98F538-064E-4ABB-8B4F-ED2EB9D513EA}.Release|Any CPU.ActiveCfg = Release|Any CPU
		{6F98F538-064E-4ABB-8B4F-ED2EB9D513EA}.Release|Any CPU.Build.0 = Release|Any CPU
	EndGlobalSection
	GlobalSection(SolutionProperties) = preSolution
		HideSolutionNode = FALSE
	EndGlobalSection
	GlobalSection(ExtensibilityGlobals) = postSolution
		SolutionGuid = {710E3B6D-9E1E-47D8-A341-C5C67BB7EEFF}
	EndGlobalSection
EndGlobal
