
Microsoft Visual Studio Solution File, Format Version 12.00
# Visual Studio Version 16
VisualStudioVersion = 16.0.31025.194
MinimumVisualStudioVersion = 10.0.40219.1
Project("{FAE04EC0-301F-11D3-BF4B-00C04F79EFBC}") = "Method_Cal", "..\Calculator\Method_Cal.csproj", "{DB689EA8-9435-4ECA-BAA0-BE87E17E3C2B}"
EndProject
Project("{FAE04EC0-301F-11D3-BF4B-00C04F79EFBC}") = "RefReturn", "..\RefReturn\RefReturn.csproj", "{487838F8-E0D8-4D1D-A00A-266A567C5449}"
EndProject
Global
	GlobalSection(SolutionConfigurationPlatforms) = preSolution
		Debug|Any CPU = Debug|Any CPU
		Release|Any CPU = Release|Any CPU
	EndGlobalSection
	GlobalSection(ProjectConfigurationPlatforms) = postSolution
		{DB689EA8-9435-4ECA-BAA0-BE87E17E3C2B}.Debug|Any CPU.ActiveCfg = Debug|Any CPU
		{DB689EA8-9435-4ECA-BAA0-BE87E17E3C2B}.Debug|Any CPU.Build.0 = Debug|Any CPU
		{DB689EA8-9435-4ECA-BAA0-BE87E17E3C2B}.Release|Any CPU.ActiveCfg = Release|Any CPU
		{DB689EA8-9435-4ECA-BAA0-BE87E17E3C2B}.Release|Any CPU.Build.0 = Release|Any CPU
		{487838F8-E0D8-4D1D-A00A-266A567C5449}.Debug|Any CPU.ActiveCfg = Debug|Any CPU
		{487838F8-E0D8-4D1D-A00A-266A567C5449}.Debug|Any CPU.Build.0 = Debug|Any CPU
		{487838F8-E0D8-4D1D-A00A-266A567C5449}.Release|Any CPU.ActiveCfg = Release|Any CPU
		{487838F8-E0D8-4D1D-A00A-266A567C5449}.Release|Any CPU.Build.0 = Release|Any CPU
	EndGlobalSection
	GlobalSection(SolutionProperties) = preSolution
		HideSolutionNode = FALSE
	EndGlobalSection
	GlobalSection(ExtensibilityGlobals) = postSolution
		SolutionGuid = {EE7E8BD1-2391-4650-9A2F-E0AB0C067053}
	EndGlobalSection
EndGlobal
